
Microsoft Visual Studio Solution File, Format Version 12.00
# Visual Studio Version 16
VisualStudioVersion = 16.0.29519.87
MinimumVisualStudioVersion = 10.0.40219.1
Project("{FAE04EC0-301F-11D3-BF4B-00C04F79EFBC}") = "Quanlysach", "Quanlysach\Quanlysach.csproj", "{A826D7D0-9075-48A2-AF3C-412739D90ABD}"
EndProject
Global
	GlobalSection(SolutionConfigurationPlatforms) = preSolution
		Debug|Any CPU = Debug|Any CPU
		Release|Any CPU = Release|Any CPU
	EndGlobalSection
	GlobalSection(ProjectConfigurationPlatforms) = postSolution
		{A826D7D0-9075-48A2-AF3C-412739D90ABD}.Debug|Any CPU.ActiveCfg = Debug|Any CPU
		{A826D7D0-9075-48A2-AF3C-412739D90ABD}.Debug|Any CPU.Build.0 = Debug|Any CPU
		{A826D7D0-9075-48A2-AF3C-412739D90ABD}.Release|Any CPU.ActiveCfg = Release|Any CPU
		{A826D7D0-9075-48A2-AF3C-412739D90ABD}.Release|Any CPU.Build.0 = Release|Any CPU
	EndGlobalSection
	GlobalSection(SolutionProperties) = preSolution
		HideSolutionNode = FALSE
	EndGlobalSection
	GlobalSection(ExtensibilityGlobals) = postSolution
		SolutionGuid = {347905BF-D913-4030-9C1B-BC42B292D401}
	EndGlobalSection
EndGlobal
